
Microsoft Visual Studio Solution File, Format Version 12.00
# Visual Studio Version 16
VisualStudioVersion = 16.0.29519.181
MinimumVisualStudioVersion = 10.0.40219.1
Project("{FAE04EC0-301F-11D3-BF4B-00C04F79EFBC}") = "Figures", "Figures\Figures.csproj", "{E9A551F4-555D-4A6E-B50D-8D43FC1A9C50}"
EndProject
Project("{FAE04EC0-301F-11D3-BF4B-00C04F79EFBC}") = "Box", "Box\Box.csproj", "{B5373509-8698-4BD1-BC92-0222D5C66960}"
EndProject
Project("{FAE04EC0-301F-11D3-BF4B-00C04F79EFBC}") = "IOXml", "IOXml\IOXml.csproj", "{1D35B56A-3736-4004-831F-E2C8CDF5D260}"
EndProject
Project("{FAE04EC0-301F-11D3-BF4B-00C04F79EFBC}") = "Factory", "Factory\Factory.csproj", "{19D0645A-E557-456C-899C-712774D7FD94}"
EndProject
Project("{FAE04EC0-301F-11D3-BF4B-00C04F79EFBC}") = "FactoryTests1", "FactoryTests1\FactoryTests1.csproj", "{7E236D48-AB08-4FC0-B55C-0CE16BF5F26A}"
EndProject
Global
	GlobalSection(SolutionConfigurationPlatforms) = preSolution
		Debug|Any CPU = Debug|Any CPU
		Release|Any CPU = Release|Any CPU
	EndGlobalSection
	GlobalSection(ProjectConfigurationPlatforms) = postSolution
		{E9A551F4-555D-4A6E-B50D-8D43FC1A9C50}.Debug|Any CPU.ActiveCfg = Debug|Any CPU
		{E9A551F4-555D-4A6E-B50D-8D43FC1A9C50}.Debug|Any CPU.Build.0 = Debug|Any CPU
		{E9A551F4-555D-4A6E-B50D-8D43FC1A9C50}.Release|Any CPU.ActiveCfg = Release|Any CPU
		{E9A551F4-555D-4A6E-B50D-8D43FC1A9C50}.Release|Any CPU.Build.0 = Release|Any CPU
		{B5373509-8698-4BD1-BC92-0222D5C66960}.Debug|Any CPU.ActiveCfg = Debug|Any CPU
		{B5373509-8698-4BD1-BC92-0222D5C66960}.Debug|Any CPU.Build.0 = Debug|Any CPU
		{B5373509-8698-4BD1-BC92-0222D5C66960}.Release|Any CPU.ActiveCfg = Release|Any CPU
		{B5373509-8698-4BD1-BC92-0222D5C66960}.Release|Any CPU.Build.0 = Release|Any CPU
		{1D35B56A-3736-4004-831F-E2C8CDF5D260}.Debug|Any CPU.ActiveCfg = Debug|Any CPU
		{1D35B56A-3736-4004-831F-E2C8CDF5D260}.Debug|Any CPU.Build.0 = Debug|Any CPU
		{1D35B56A-3736-4004-831F-E2C8CDF5D260}.Release|Any CPU.ActiveCfg = Release|Any CPU
		{1D35B56A-3736-4004-831F-E2C8CDF5D260}.Release|Any CPU.Build.0 = Release|Any CPU
		{19D0645A-E557-456C-899C-712774D7FD94}.Debug|Any CPU.ActiveCfg = Debug|Any CPU
		{19D0645A-E557-456C-899C-712774D7FD94}.Debug|Any CPU.Build.0 = Debug|Any CPU
		{19D0645A-E557-456C-899C-712774D7FD94}.Release|Any CPU.ActiveCfg = Release|Any CPU
		{19D0645A-E557-456C-899C-712774D7FD94}.Release|Any CPU.Build.0 = Release|Any CPU
		{7E236D48-AB08-4FC0-B55C-0CE16BF5F26A}.Debug|Any CPU.ActiveCfg = Debug|Any CPU
		{7E236D48-AB08-4FC0-B55C-0CE16BF5F26A}.Debug|Any CPU.Build.0 = Debug|Any CPU
		{7E236D48-AB08-4FC0-B55C-0CE16BF5F26A}.Release|Any CPU.ActiveCfg = Release|Any CPU
		{7E236D48-AB08-4FC0-B55C-0CE16BF5F26A}.Release|Any CPU.Build.0 = Release|Any CPU
	EndGlobalSection
	GlobalSection(SolutionProperties) = preSolution
		HideSolutionNode = FALSE
	EndGlobalSection
	GlobalSection(ExtensibilityGlobals) = postSolution
		SolutionGuid = {B639ECF1-431C-4FC6-81D2-D650CBAA3FCA}
	EndGlobalSection
EndGlobal
