
Microsoft Visual Studio Solution File, Format Version 12.00
# Visual Studio Version 16
VisualStudioVersion = 16.0.29519.181
MinimumVisualStudioVersion = 10.0.40219.1
Project("{FAE04EC0-301F-11D3-BF4B-00C04F79EFBC}") = "test5", "test5\test5.csproj", "{79D66D43-9CBF-427C-8285-FF951F5F7953}"
EndProject
Project("{FAE04EC0-301F-11D3-BF4B-00C04F79EFBC}") = "test5Tests", "test5Tests\test5Tests.csproj", "{FC6CA71A-7A13-4078-B627-5446C15057B6}"
EndProject
Global
	GlobalSection(SolutionConfigurationPlatforms) = preSolution
		Debug|Any CPU = Debug|Any CPU
		Release|Any CPU = Release|Any CPU
	EndGlobalSection
	GlobalSection(ProjectConfigurationPlatforms) = postSolution
		{79D66D43-9CBF-427C-8285-FF951F5F7953}.Debug|Any CPU.ActiveCfg = Debug|Any CPU
		{79D66D43-9CBF-427C-8285-FF951F5F7953}.Debug|Any CPU.Build.0 = Debug|Any CPU
		{79D66D43-9CBF-427C-8285-FF951F5F7953}.Release|Any CPU.ActiveCfg = Release|Any CPU
		{79D66D43-9CBF-427C-8285-FF951F5F7953}.Release|Any CPU.Build.0 = Release|Any CPU
		{FC6CA71A-7A13-4078-B627-5446C15057B6}.Debug|Any CPU.ActiveCfg = Debug|Any CPU
		{FC6CA71A-7A13-4078-B627-5446C15057B6}.Debug|Any CPU.Build.0 = Debug|Any CPU
		{FC6CA71A-7A13-4078-B627-5446C15057B6}.Release|Any CPU.ActiveCfg = Release|Any CPU
		{FC6CA71A-7A13-4078-B627-5446C15057B6}.Release|Any CPU.Build.0 = Release|Any CPU
	EndGlobalSection
	GlobalSection(SolutionProperties) = preSolution
		HideSolutionNode = FALSE
	EndGlobalSection
	GlobalSection(ExtensibilityGlobals) = postSolution
		SolutionGuid = {DF2721C5-6CA9-471D-B347-0A7C37EA45F7}
	EndGlobalSection
EndGlobal
